Microsoft Visual Studio Solution File, Format Version 11.00
# Visual Studio 2010
Project("{FAE04EC0-301F-11D3-BF4B-00C04F79EFBC}") = "UI", "UI\UI.csproj", "{83CFFBE4-8EB9-446D-851A-3874799F3172}"
EndProject
Project("{FAE04EC0-301F-11D3-BF4B-00C04F79EFBC}") = "Core", "Core\Core.csproj", "{1896627D-18E4-4687-AE49-35226EC91540}"
EndProject
Project("{FAE04EC0-301F-11D3-BF4B-00C04F79EFBC}") = "Console", "Console\Console.csproj", "{8C11CCBE-1D9F-433F-A524-7F416D96615C}"
EndProject
Global
	GlobalSection(SolutionConfigurationPlatforms) = preSolution
		Debug|Any CPU = Debug|Any CPU
		Debug|Mixed Platforms = Debug|Mixed Platforms
		Debug|x86 = Debug|x86
		Release|Any CPU = Release|Any CPU
		Release|Mixed Platforms = Release|Mixed Platforms
		Release|x86 = Release|x86
	EndGlobalSection
	GlobalSection(ProjectConfigurationPlatforms) = postSolution
		{83CFFBE4-8EB9-446D-851A-3874799F3172}.Debug|Any CPU.ActiveCfg = Debug|Any CPU
		{83CFFBE4-8EB9-446D-851A-3874799F3172}.Debug|Any CPU.Build.0 = Debug|Any CPU
		{83CFFBE4-8EB9-446D-851A-3874799F3172}.Debug|Mixed Platforms.ActiveCfg = Debug|Any CPU
		{83CFFBE4-8EB9-446D-851A-3874799F3172}.Debug|Mixed Platforms.Build.0 = Debug|Any CPU
		{83CFFBE4-8EB9-446D-851A-3874799F3172}.Debug|x86.ActiveCfg = Debug|Any CPU
		{83CFFBE4-8EB9-446D-851A-3874799F3172}.Release|Any CPU.ActiveCfg = Release|Any CPU
		{83CFFBE4-8EB9-446D-851A-3874799F3172}.Release|Any CPU.Build.0 = Release|Any CPU
		{83CFFBE4-8EB9-446D-851A-3874799F3172}.Release|Mixed Platforms.ActiveCfg = Release|Any CPU
		{83CFFBE4-8EB9-446D-851A-3874799F3172}.Release|Mixed Platforms.Build.0 = Release|Any CPU
		{83CFFBE4-8EB9-446D-851A-3874799F3172}.Release|x86.ActiveCfg = Release|Any CPU
		{1896627D-18E4-4687-AE49-35226EC91540}.Debug|Any CPU.ActiveCfg = Debug|Any CPU
		{1896627D-18E4-4687-AE49-35226EC91540}.Debug|Any CPU.Build.0 = Debug|Any CPU
		{1896627D-18E4-4687-AE49-35226EC91540}.Debug|Mixed Platforms.ActiveCfg = Debug|Any CPU
		{1896627D-18E4-4687-AE49-35226EC91540}.Debug|Mixed Platforms.Build.0 = Debug|Any CPU
		{1896627D-18E4-4687-AE49-35226EC91540}.Debug|x86.ActiveCfg = Debug|Any CPU
		{1896627D-18E4-4687-AE49-35226EC91540}.Release|Any CPU.ActiveCfg = Release|Any CPU
		{1896627D-18E4-4687-AE49-35226EC91540}.Release|Any CPU.Build.0 = Release|Any CPU
		{1896627D-18E4-4687-AE49-35226EC91540}.Release|Mixed Platforms.ActiveCfg = Release|Any CPU
		{1896627D-18E4-4687-AE49-35226EC91540}.Release|Mixed Platforms.Build.0 = Release|Any CPU
		{1896627D-18E4-4687-AE49-35226EC91540}.Release|x86.ActiveCfg = Release|Any CPU
		{8C11CCBE-1D9F-433F-A524-7F416D96615C}.Debug|Any CPU.ActiveCfg = Debug|x86
		{8C11CCBE-1D9F-433F-A524-7F416D96615C}.Debug|Any CPU.Build.0 = Debug|x86
		{8C11CCBE-1D9F-433F-A524-7F416D96615C}.Debug|Mixed Platforms.ActiveCfg = Debug|x86
		{8C11CCBE-1D9F-433F-A524-7F416D96615C}.Debug|Mixed Platforms.Build.0 = Debug|x86
		{8C11CCBE-1D9F-433F-A524-7F416D96615C}.Debug|x86.ActiveCfg = Debug|x86
		{8C11CCBE-1D9F-433F-A524-7F416D96615C}.Debug|x86.Build.0 = Debug|x86
		{8C11CCBE-1D9F-433F-A524-7F416D96615C}.Release|Any CPU.ActiveCfg = Release|x86
		{8C11CCBE-1D9F-433F-A524-7F416D96615C}.Release|Mixed Platforms.ActiveCfg = Release|x86
		{8C11CCBE-1D9F-433F-A524-7F416D96615C}.Release|Mixed Platforms.Build.0 = Release|x86
		{8C11CCBE-1D9F-433F-A524-7F416D96615C}.Release|x86.ActiveCfg = Release|x86
		{8C11CCBE-1D9F-433F-A524-7F416D96615C}.Release|x86.Build.0 = Release|x86
	EndGlobalSection
	GlobalSection(SolutionProperties) = preSolution
		HideSolutionNode = FALSE
	EndGlobalSection
EndGlobal
